// !$*UTF8*$!
{
	archiveVersion = 1;
	classes = {
	};
	objectVersion = 50;
	objects = {

/* Begin PBXBuildFile section */
		F1926E8124C4C36C00FA45F9 /* AppDelegate.swift in Sources */ = {isa = PBXBuildFile; fileRef = F1926E8024C4C36C00FA45F9 /* AppDelegate.swift */; };
		F1926E8324C4C36C00FA45F9 /* SceneDelegate.swift in Sources */ = {isa = PBXBuildFile; fileRef = F1926E8224C4C36C00FA45F9 /* SceneDelegate.swift */; };
		F1926E8524C4C36C00FA45F9 /* ViewController.swift in Sources */ = {isa = PBXBuildFile; fileRef = F1926E8424C4C36C00FA45F9 /* ViewController.swift */; };
		F1926E8824C4C36C00FA45F9 /* Main.storyboard in Resources */ = {isa = PBXBuildFile; fileRef = F1926E8624C4C36C00FA45F9 /* Main.storyboard */; };
		F1926E8A24C4C36D00FA45F9 /* Assets.xcassets in Resources */ = {isa = PBXBuildFile; fileRef = F1926E8924C4C36D00FA45F9 /* Assets.xcassets */; };
		F1926E8D24C4C36D00FA45F9 /* LaunchScreen.storyboard in Resources */ = {isa = PBXBuildFile; fileRef = F1926E8B24C4C36D00FA45F9 /* LaunchScreen.storyboard */; };
		F1926E9824C4C36E00FA45F9 /* openEyeTests.swift in Sources */ = {isa = PBXBuildFile; fileRef = F1926E9724C4C36E00FA45F9 /* openEyeTests.swift */; };
		F1926EA324C4C36E00FA45F9 /* openEyeUITests.swift in Sources */ = {isa = PBXBuildFile; fileRef = F1926EA224C4C36E00FA45F9 /* openEyeUITests.swift */; };
/* End PBXBuildFile section */

/* Begin PBXContainerItemProxy section */
		F1926E9424C4C36E00FA45F9 /* PBXContainerItemProxy */ = {
			isa = PBXContainerItemProxy;
			containerPortal = F1926E7524C4C36C00FA45F9 /* Project object */;
			proxyType = 1;
			remoteGlobalIDString = F1926E7C24C4C36C00FA45F9;
			remoteInfo = openEye;
		};
		F1926E9F24C4C36E00FA45F9 /* PBXContainerItemProxy */ = {
			isa = PBXContainerItemProxy;
			containerPortal = F1926E7524C4C36C00FA45F9 /* Project object */;
			proxyType = 1;
			remoteGlobalIDString = F1926E7C24C4C36C00FA45F9;
			remoteInfo = openEye;
		};
/* End PBXContainerItemProxy section */

/* Begin PBXFileReference section */
		F1926E7D24C4C36C00FA45F9 /* openEye.app */ = {isa = PBXFileReference; explicitFileType = wrapper.application; includeInIndex = 0; path = openEye.app; sourceTree = BUILT_PRODUCTS_DIR; };
		F1926E8024C4C36C00FA45F9 /* AppDelegate.swift */ = {isa = PBXFileReference; lastKnownFileType = sourcecode.swift; path = AppDelegate.swift; sourceTree = "<group>"; };
		F1926E8224C4C36C00FA45F9 /* SceneDelegate.swift */ = {isa = PBXFileReference; lastKnownFileType = sourcecode.swift; path = SceneDelegate.swift; sourceTree = "<group>"; };
		F1926E8424C4C36C00FA45F9 /* ViewController.swift */ = {isa = PBXFileReference; lastKnownFileType = sourcecode.swift; path = ViewController.swift; sourceTree = "<group>"; };
		F1926E8724C4C36C00FA45F9 /* Base */ = {isa = PBXFileReference; lastKnownFileType = file.storyboard; name = Base; path = Base.lproj/Main.storyboard; sourceTree = "<group>"; };
		F1926E8924C4C36D00FA45F9 /* Assets.xcassets */ = {isa = PBXFileReference; lastKnownFileType = folder.assetcatalog; path = Assets.xcassets; sourceTree = "<group>"; };
		F1926E8C24C4C36D00FA45F9 /* Base */ = {isa = PBXFileReference; lastKnownFileType = file.storyboard; name = Base; path = Base.lproj/LaunchScreen.storyboard; sourceTree = "<group>"; };
		F1926E8E24C4C36D00FA45F9 /* Info.plist */ = {isa = PBXFileReference; lastKnownFileType = text.plist.xml; path = Info.plist; sourceTree = "<group>"; };
		F1926E9324C4C36E00FA45F9 /* openEyeTests.xctest */ = {isa = PBXFileReference; explicitFileType = wrapper.cfbundle; includeInIndex = 0; path = openEyeTests.xctest; sourceTree = BUILT_PRODUCTS_DIR; };
		F1926E9724C4C36E00FA45F9 /* openEyeTests.swift */ = {isa = PBXFileReference; lastKnownFileType = sourcecode.swift; path = openEyeTests.swift; sourceTree = "<group>"; };
		F1926E9924C4C36E00FA45F9 /* Info.plist */ = {isa = PBXFileReference; lastKnownFileType = text.plist.xml; path = Info.plist; sourceTree = "<group>"; };
		F1926E9E24C4C36E00FA45F9 /* openEyeUITests.xctest */ = {isa = PBXFileReference; explicitFileType = wrapper.cfbundle; includeInIndex = 0; path = openEyeUITests.xctest; sourceTree = BUILT_PRODUCTS_DIR; };
		F1926EA224C4C36E00FA45F9 /* openEyeUITests.swift */ = {isa = PBXFileReference; lastKnownFileType = sourcecode.swift; path = openEyeUITests.swift; sourceTree = "<group>"; };
		F1926EA424C4C36E00FA45F9 /* Info.plist */ = {isa = PBXFileReference; lastKnownFileType = text.plist.xml; path = Info.plist; sourceTree = "<group>"; };
/* End PBXFileReference section */

/* Begin PBXFrameworksBuildPhase section */
		F1926E7A24C4C36C00FA45F9 /* Frameworks */ = {
			isa = PBXFrameworksBuildPhase;
			buildActionMask = 2147483647;
			files = (
			);
			runOnlyForDeploymentPostprocessing = 0;
		};
		F1926E9024C4C36E00FA45F9 /* Frameworks */ = {
			isa = PBXFrameworksBuildPhase;
			buildActionMask = 2147483647;
			files = (
			);
			runOnlyForDeploymentPostprocessing = 0;
		};
		F1926E9B24C4C36E00FA45F9 /* Frameworks */ = {
			isa = PBXFrameworksBuildPhase;
			buildActionMask = 2147483647;
			files = (
			);
			runOnlyForDeploymentPostprocessing = 0;
		};
/* End PBXFrameworksBuildPhase section */

/* Begin PBXGroup section */
		F1926E7424C4C36C00FA45F9 = {
			isa = PBXGroup;
			children = (
				F1926E7F24C4C36C00FA45F9 /* openEye */,
				F1926E9624C4C36E00FA45F9 /* openEyeTests */,
				F1926EA124C4C36E00FA45F9 /* openEyeUITests */,
				F1926E7E24C4C36C00FA45F9 /* Products */,
			);
			sourceTree = "<group>";
		};
		F1926E7E24C4C36C00FA45F9 /* Products */ = {
			isa = PBXGroup;
			children = (
				F1926E7D24C4C36C00FA45F9 /* openEye.app */,
				F1926E9324C4C36E00FA45F9 /* openEyeTests.xctest */,
				F1926E9E24C4C36E00FA45F9 /* openEyeUITests.xctest */,
			);
			name = Products;
			sourceTree = "<group>";
		};
		F1926E7F24C4C36C00FA45F9 /* openEye */ = {
			isa = PBXGroup;
			children = (
				F1926E8024C4C36C00FA45F9 /* AppDelegate.swift */,
				F1926E8224C4C36C00FA45F9 /* SceneDelegate.swift */,
				F1926E8424C4C36C00FA45F9 /* ViewController.swift */,
				F1926E8624C4C36C00FA45F9 /* Main.storyboard */,
				F1926E8924C4C36D00FA45F9 /* Assets.xcassets */,
				F1926E8B24C4C36D00FA45F9 /* LaunchScreen.storyboard */,
				F1926E8E24C4C36D00FA45F9 /* Info.plist */,
			);
			path = openEye;
			sourceTree = "<group>";
		};
		F1926E9624C4C36E00FA45F9 /* openEyeTests */ = {
			isa = PBXGroup;
			children = (
				F1926E9724C4C36E00FA45F9 /* openEyeTests.swift */,
				F1926E9924C4C36E00FA45F9 /* Info.plist */,
			);
			path = openEyeTests;
			sourceTree = "<group>";
		};
		F1926EA124C4C36E00FA45F9 /* openEyeUITests */ = {
			isa = PBXGroup;
			children = (
				F1926EA224C4C36E00FA45F9 /* openEyeUITests.swift */,
				F1926EA424C4C36E00FA45F9 /* Info.plist */,
			);
			path = openEyeUITests;
			sourceTree = "<group>";
		};
/* End PBXGroup section */

/* Begin PBXNativeTarget section */
		F1926E7C24C4C36C00FA45F9 /* openEye */ = {
			isa = PBXNativeTarget;
			buildConfigurationList = F1926EA724C4C36E00FA45F9 /* Build configuration list for PBXNativeTarget "openEye" */;
			buildPhases = (
				F1926E7924C4C36C00FA45F9 /* Sources */,
				F1926E7A24C4C36C00FA45F9 /* Frameworks */,
				F1926E7B24C4C36C00FA45F9 /* Resources */,
			);
			buildRules = (
			);
			dependencies = (
			);
			name = openEye;
			productName = openEye;
			productReference = F1926E7D24C4C36C00FA45F9 /* openEye.app */;
			productType = "com.apple.product-type.application";
		};
		F1926E9224C4C36E00FA45F9 /* openEyeTests */ = {
			isa = PBXNativeTarget;
			buildConfigurationList = F1926EAA24C4C36E00FA45F9 /* Build configuration list for PBXNativeTarget "openEyeTests" */;
			buildPhases = (
				F1926E8F24C4C36E00FA45F9 /* Sources */,
				F1926E9024C4C36E00FA45F9 /* Frameworks */,
				F1926E9124C4C36E00FA45F9 /* Resources */,
			);
			buildRules = (
			);
			dependencies = (
				F1926E9524C4C36E00FA45F9 /* PBXTargetDependency */,
			);
			name = openEyeTests;
			productName = openEyeTests;
			productReference = F1926E9324C4C36E00FA45F9 /* openEyeTests.xctest */;
			productType = "com.apple.product-type.bundle.unit-test";
		};
		F1926E9D24C4C36E00FA45F9 /* openEyeUITests */ = {
			isa = PBXNativeTarget;
			buildConfigurationList = F1926EAD24C4C36E00FA45F9 /* Build configuration list for PBXNativeTarget "openEyeUITests" */;
			buildPhases = (
				F1926E9A24C4C36E00FA45F9 /* Sources */,
				F1926E9B24C4C36E00FA45F9 /* Frameworks */,
				F1926E9C24C4C36E00FA45F9 /* Resources */,
			);
			buildRules = (
			);
			dependencies = (
				F1926EA024C4C36E00FA45F9 /* PBXTargetDependency */,
			);
			name = openEyeUITests;
			productName = openEyeUITests;
			productReference = F1926E9E24C4C36E00FA45F9 /* openEyeUITests.xctest */;
			productType = "com.apple.product-type.bundle.ui-testing";
		};
/* End PBXNativeTarget section */

/* Begin PBXProject section */
		F1926E7524C4C36C00FA45F9 /* Project object */ = {
			isa = PBXProject;
			attributes = {
				LastSwiftUpdateCheck = 1160;
				LastUpgradeCheck = 1160;
				ORGANIZATIONNAME = "Rohit sahu";
				TargetAttributes = {
					F1926E7C24C4C36C00FA45F9 = {
						CreatedOnToolsVersion = 11.6;
					};
					F1926E9224C4C36E00FA45F9 = {
						CreatedOnToolsVersion = 11.6;
						TestTargetID = F1926E7C24C4C36C00FA45F9;
					};
					F1926E9D24C4C36E00FA45F9 = {
						CreatedOnToolsVersion = 11.6;
						TestTargetID = F1926E7C24C4C36C00FA45F9;
					};
				};
			};
			buildConfigurationList = F1926E7824C4C36C00FA45F9 /* Build configuration list for PBXProject "openEye" */;
			compatibilityVersion = "Xcode 9.3";
			developmentRegion = en;
			hasScannedForEncodings = 0;
			knownRegions = (
				en,
				Base,
			);
			mainGroup = F1926E7424C4C36C00FA45F9;
			productRefGroup = F1926E7E24C4C36C00FA45F9 /* Products */;
			projectDirPath = "";
			projectRoot = "";
			targets = (
				F1926E7C24C4C36C00FA45F9 /* openEye */,
				F1926E9224C4C36E00FA45F9 /* openEyeTests */,
				F1926E9D24C4C36E00FA45F9 /* openEyeUITests */,
			);
		};
/* End PBXProject section */

/* Begin PBXResourcesBuildPhase section */
		F1926E7B24C4C36C00FA45F9 /* Resources */ = {
			isa = PBXResourcesBuildPhase;
			buildActionMask = 2147483647;
			files = (
				F1926E8D24C4C36D00FA45F9 /* LaunchScreen.storyboard in Resources */,
				F1926E8A24C4C36D00FA45F9 /* Assets.xcassets in Resources */,
				F1926E8824C4C36C00FA45F9 /* Main.storyboard in Resources */,
			);
			runOnlyForDeploymentPostprocessing = 0;
		};
		F1926E9124C4C36E00FA45F9 /* Resources */ = {
			isa = PBXResourcesBuildPhase;
			buildActionMask = 2147483647;
			files = (
			);
			runOnlyForDeploymentPostprocessing = 0;
		};
		F1926E9C24C4C36E00FA45F9 /* Resources */ = {
			isa = PBXResourcesBuildPhase;
			buildActionMask = 2147483647;
			files = (
			);
			runOnlyForDeploymentPostprocessing = 0;
		};
/* End PBXResourcesBuildPhase section */

/* Begin PBXSourcesBuildPhase section */
		F1926E7924C4C36C00FA45F9 /* Sources */ = {
			isa = PBXSourcesBuildPhase;
			buildActionMask = 2147483647;
			files = (
				F1926E8524C4C36C00FA45F9 /* ViewController.swift in Sources */,
				F1926E8124C4C36C00FA45F9 /* AppDelegate.swift in Sources */,
				F1926E8324C4C36C00FA45F9 /* SceneDelegate.swift in Sources */,
			);
			runOnlyForDeploymentPostprocessing = 0;
		};
		F1926E8F24C4C36E00FA45F9 /* Sources */ = {
			isa = PBXSourcesBuildPhase;
			buildActionMask = 2147483647;
			files = (
				F1926E9824C4C36E00FA45F9 /* openEyeTests.swift in Sources */,
			);
			runOnlyForDeploymentPostprocessing = 0;
		};
		F1926E9A24C4C36E00FA45F9 /* Sources */ = {
			isa = PBXSourcesBuildPhase;
			buildActionMask = 2147483647;
			files = (
				F1926EA324C4C36E00FA45F9 /* openEyeUITests.swift in Sources */,
			);
			runOnlyForDeploymentPostprocessing = 0;
		};
/* End PBXSourcesBuildPhase section */

/* Begin PBXTargetDependency section */
		F1926E9524C4C36E00FA45F9 /* PBXTargetDependency */ = {
			isa = PBXTargetDependency;
			target = F1926E7C24C4C36C00FA45F9 /* openEye */;
			targetProxy = F1926E9424C4C36E00FA45F9 /* PBXContainerItemProxy */;
		};
		F1926EA024C4C36E00FA45F9 /* PBXTargetDependency */ = {
			isa = PBXTargetDependency;
			target = F1926E7C24C4C36C00FA45F9 /* openEye */;
			targetProxy = F1926E9F24C4C36E00FA45F9 /* PBXContainerItemProxy */;
		};
/* End PBXTargetDependency section */

/* Begin PBXVariantGroup section */
		F1926E8624C4C36C00FA45F9 /* Main.storyboard */ = {
			isa = PBXVariantGroup;
			children = (
				F1926E8724C4C36C00FA45F9 /* Base */,
			);
			name = Main.storyboard;
			sourceTree = "<group>";
		};
		F1926E8B24C4C36D00FA45F9 /* LaunchScreen.storyboard */ = {
			isa = PBXVariantGroup;
			children = (
				F1926E8C24C4C36D00FA45F9 /* Base */,
			);
			name = LaunchScreen.storyboard;
			sourceTree = "<group>";
		};
/* End PBXVariantGroup section */

/* Begin XCBuildConfiguration section */
		F1926EA524C4C36E00FA45F9 /* Debug */ = {
			isa = XCBuildConfiguration;
			buildSettings = {
				ALWAYS_SEARCH_USER_PATHS = NO;
				CLANG_ANALYZER_NONNULL = YES;
				CLANG_ANALYZER_NUMBER_OBJECT_CONVERSION = YES_AGGRESSIVE;
				CLANG_CXX_LANGUAGE_STANDARD = "gnu++14";
				CLANG_CXX_LIBRARY = "libc++";
				CLANG_ENABLE_MODULES = YES;
				CLANG_ENABLE_OBJC_ARC = YES;
				CLANG_ENABLE_OBJC_WEAK = YES;
				CLANG_WARN_BLOCK_CAPTURE_AUTORELEASING = YES;
				CLANG_WARN_BOOL_CONVERSION = YES;
				CLANG_WARN_COMMA = YES;
				CLANG_WARN_CONSTANT_CONVERSION = YES;
				CLANG_WARN_DEPRECATED_OBJC_IMPLEMENTATIONS = YES;
				CLANG_WARN_DIRECT_OBJC_ISA_USAGE = YES_ERROR;
				CLANG_WARN_DOCUMENTATION_COMMENTS = YES;
				CLANG_WARN_EMPTY_BODY = YES;
				CLANG_WARN_ENUM_CONVERSION = YES;
				CLANG_WARN_INFINITE_RECURSION = YES;
				CLANG_WARN_INT_CONVERSION = YES;
				CLANG_WARN_NON_LITERAL_NULL_CONVERSION = YES;
				CLANG_WARN_OBJC_IMPLICIT_RETAIN_SELF = YES;
				CLANG_WARN_OBJC_LITERAL_CONVERSION = YES;
				CLANG_WARN_OBJC_ROOT_CLASS = YES_ERROR;
				CLANG_WARN_RANGE_LOOP_ANALYSIS = YES;
				CLANG_WARN_STRICT_PROTOTYPES = YES;
				CLANG_WARN_SUSPICIOUS_MOVE = YES;
				CLANG_WARN_UNGUARDED_AVAILABILITY = YES_AGGRESSIVE;
				CLANG_WARN_UNREACHABLE_CODE = YES;
				CLANG_WARN__DUPLICATE_METHOD_MATCH = YES;
				COPY_PHASE_STRIP = NO;
				DEBUG_INFORMATION_FORMAT = dwarf;
				ENABLE_STRICT_OBJC_MSGSEND = YES;
				ENABLE_TESTABILITY = YES;
				GCC_C_LANGUAGE_STANDARD = gnu11;
				GCC_DYNAMIC_NO_PIC = NO;
				GCC_NO_COMMON_BLOCKS = YES;
				GCC_OPTIMIZATION_LEVEL = 0;
				GCC_PREPROCESSOR_DEFINITIONS = (
					"DEBUG=1",
					"$(inherited)",
				);
				GCC_WARN_64_TO_32_BIT_CONVERSION = YES;
				GCC_WARN_ABOUT_RETURN_TYPE = YES_ERROR;
				GCC_WARN_UNDECLARED_SELECTOR = YES;
				GCC_WARN_UNINITIALIZED_AUTOS = YES_AGGRESSIVE;
				GCC_WARN_UNUSED_FUNCTION = YES;
				GCC_WARN_UNUSED_VARIABLE = YES;
				IPHONEOS_DEPLOYMENT_TARGET = 13.6;
				MTL_ENABLE_DEBUG_INFO = INCLUDE_SOURCE;
				MTL_FAST_MATH = YES;
				ONLY_ACTIVE_ARCH = YES;
				SDKROOT = iphoneos;
				SWIFT_ACTIVE_COMPILATION_CONDITIONS = DEBUG;
				SWIFT_OPTIMIZATION_LEVEL = "-Onone";
			};
			name = Debug;
		};
		F1926EA624C4C36E00FA45F9 /* Release */ = {
			isa = XCBuildConfiguration;
			buildSettings = {
				ALWAYS_SEARCH_USER_PATHS = NO;
				CLANG_ANALYZER_NONNULL = YES;
				CLANG_ANALYZER_NUMBER_OBJECT_CONVERSION = YES_AGGRESSIVE;
				CLANG_CXX_LANGUAGE_STANDARD = "gnu++14";
				CLANG_CXX_LIBRARY = "libc++";
				CLANG_ENABLE_MODULES = YES;
				CLANG_ENABLE_OBJC_ARC = YES;
				CLANG_ENABLE_OBJC_WEAK = YES;
				CLANG_WARN_BLOCK_CAPTURE_AUTORELEASING = YES;
				CLANG_WARN_BOOL_CONVERSION = YES;
				CLANG_WARN_COMMA = YES;
				CLANG_WARN_CONSTANT_CONVERSION = YES;
				CLANG_WARN_DEPRECATED_OBJC_IMPLEMENTATIONS = YES;
				CLANG_WARN_DIRECT_OBJC_ISA_USAGE = YES_ERROR;
				CLANG_WARN_DOCUMENTATION_COMMENTS = YES;
				CLANG_WARN_EMPTY_BODY = YES;
				CLANG_WARN_ENUM_CONVERSION = YES;
				CLANG_WARN_INFINITE_RECURSION = YES;
				CLANG_WARN_INT_CONVERSION = YES;
				CLANG_WARN_NON_LITERAL_NULL_CONVERSION = YES;
				CLANG_WARN_OBJC_IMPLICIT_RETAIN_SELF = YES;
				CLANG_WARN_OBJC_LITERAL_CONVERSION = YES;
				CLANG_WARN_OBJC_ROOT_CLASS = YES_ERROR;
				CLANG_WARN_RANGE_LOOP_ANALYSIS = YES;
				CLANG_WARN_STRICT_PROTOTYPES = YES;
				CLANG_WARN_SUSPICIOUS_MOVE = YES;
				CLANG_WARN_UNGUARDED_AVAILABILITY = YES_AGGRESSIVE;
				CLANG_WARN_UNREACHABLE_CODE = YES;
				CLANG_WARN__DUPLICATE_METHOD_MATCH = YES;
				COPY_PHASE_STRIP = NO;
				DEBUG_INFORMATION_FORMAT = "dwarf-with-dsym";
				ENABLE_NS_ASSERTIONS = NO;
				ENABLE_STRICT_OBJC_MSGSEND = YES;
				GCC_C_LANGUAGE_STANDARD = gnu11;
				GCC_NO_COMMON_BLOCKS = YES;
				GCC_WARN_64_TO_32_BIT_CONVERSION = YES;
				GCC_WARN_ABOUT_RETURN_TYPE = YES_ERROR;
				GCC_WARN_UNDECLARED_SELECTOR = YES;
				GCC_WARN_UNINITIALIZED_AUTOS = YES_AGGRESSIVE;
				GCC_WARN_UNUSED_FUNCTION = YES;
				GCC_WARN_UNUSED_VARIABLE = YES;
				IPHONEOS_DEPLOYMENT_TARGET = 13.6;
				MTL_ENABLE_DEBUG_INFO = NO;
				MTL_FAST_MATH = YES;
				SDKROOT = iphoneos;
				SWIFT_COMPILATION_MODE = wholemodule;
				SWIFT_OPTIMIZATION_LEVEL = "-O";
				VALIDATE_PRODUCT = YES;
			};
			name = Release;
		};
		F1926EA824C4C36E00FA45F9 /* Debug */ = {
			isa = XCBuildConfiguration;
			buildSettings = {
				ASSETCATALOG_COMPILER_APPICON_NAME = AppIcon;
				CODE_SIGN_STYLE = Automatic;
				DEVELOPMENT_TEAM = JF8T3A5FKL;
				INFOPLIST_FILE = openEye/Info.plist;
				LD_RUNPATH_SEARCH_PATHS = (
					"$(inherited)",
					"@executable_path/Frameworks",
				);
				PRODUCT_BUNDLE_IDENTIFIER = "com.sha-since.openEye";
				PRODUCT_NAME = "$(TARGET_NAME)";
				SWIFT_VERSION = 5.0;
				TARGETED_DEVICE_FAMILY = 1;
			};
			name = Debug;
		};
		F1926EA924C4C36E00FA45F9 /* Release */ = {
			isa = XCBuildConfiguration;
			buildSettings = {
				ASSETCATALOG_COMPILER_APPICON_NAME = AppIcon;
				CODE_SIGN_STYLE = Automatic;
				DEVELOPMENT_TEAM = JF8T3A5FKL;
				INFOPLIST_FILE = openEye/Info.plist;
				LD_RUNPATH_SEARCH_PATHS = (
					"$(inherited)",
					"@executable_path/Frameworks",
				);
				PRODUCT_BUNDLE_IDENTIFIER = "com.sha-since.openEye";
				PRODUCT_NAME = "$(TARGET_NAME)";
				SWIFT_VERSION = 5.0;
				TARGETED_DEVICE_FAMILY = 1;
			};
			name = Release;
		};
		F1926EAB24C4C36E00FA45F9 /* Debug */ = {
			isa = XCBuildConfiguration;
			buildSettings = {
				ALWAYS_EMBED_SWIFT_STANDARD_LIBRARIES = YES;
				BUNDLE_LOADER = "$(TEST_HOST)";
				CODE_SIGN_STYLE = Automatic;
				DEVELOPMENT_TEAM = JF8T3A5FKL;
				INFOPLIST_FILE = openEyeTests/Info.plist;
				IPHONEOS_DEPLOYMENT_TARGET = 13.6;
				LD_RUNPATH_SEARCH_PATHS = (
					"$(inherited)",
					"@executable_path/Frameworks",
					"@loader_path/Frameworks",
				);
				PRODUCT_BUNDLE_IDENTIFIER = "com.sha-since.openEyeTests";
				PRODUCT_NAME = "$(TARGET_NAME)";
				SWIFT_VERSION = 5.0;
				TARGETED_DEVICE_FAMILY = "1,2";
				TEST_HOST = "$(BUILT_PRODUCTS_DIR)/openEye.app/openEye";
			};
			name = Debug;
		};
		F1926EAC24C4C36E00FA45F9 /* Release */ = {
			isa = XCBuildConfiguration;
			buildSettings = {
				ALWAYS_EMBED_SWIFT_STANDARD_LIBRARIES = YES;
				BUNDLE_LOADER = "$(TEST_HOST)";
				CODE_SIGN_STYLE = Automatic;
				DEVELOPMENT_TEAM = JF8T3A5FKL;
				INFOPLIST_FILE = openEyeTests/Info.plist;
				IPHONEOS_DEPLOYMENT_TARGET = 13.6;
				LD_RUNPATH_SEARCH_PATHS = (
					"$(inherited)",
					"@executable_path/Frameworks",
					"@loader_path/Frameworks",
				);
				PRODUCT_BUNDLE_IDENTIFIER = "com.sha-since.openEyeTests";
				PRODUCT_NAME = "$(TARGET_NAME)";
				SWIFT_VERSION = 5.0;
				TARGETED_DEVICE_FAMILY = "1,2";
				TEST_HOST = "$(BUILT_PRODUCTS_DIR)/openEye.app/openEye";
			};
			name = Release;
		};
		F1926EAE24C4C36E00FA45F9 /* Debug */ = {
			isa = XCBuildConfiguration;
			buildSettings = {
				ALWAYS_EMBED_SWIFT_STANDARD_LIBRARIES = YES;
				CODE_SIGN_STYLE = Automatic;
				DEVELOPMENT_TEAM = JF8T3A5FKL;
				INFOPLIST_FILE = openEyeUITests/Info.plist;
				LD_RUNPATH_SEARCH_PATHS = (
					"$(inherited)",
					"@executable_path/Frameworks",
					"@loader_path/Frameworks",
				);
				PRODUCT_BUNDLE_IDENTIFIER = "com.sha-since.openEyeUITests";
				PRODUCT_NAME = "$(TARGET_NAME)";
				SWIFT_VERSION = 5.0;
				TARGETED_DEVICE_FAMILY = "1,2";
				TEST_TARGET_NAME = openEye;
			};
			name = Debug;
		};
		F1926EAF24C4C36E00FA45F9 /* Release */ = {
			isa = XCBuildConfiguration;
			buildSettings = {
				ALWAYS_EMBED_SWIFT_STANDARD_LIBRARIES = YES;
				CODE_SIGN_STYLE = Automatic;
				DEVELOPMENT_TEAM = JF8T3A5FKL;
				INFOPLIST_FILE = openEyeUITests/Info.plist;
				LD_RUNPATH_SEARCH_PATHS = (
					"$(inherited)",
					"@executable_path/Frameworks",
					"@loader_path/Frameworks",
				);
				PRODUCT_BUNDLE_IDENTIFIER = "com.sha-since.openEyeUITests";
				PRODUCT_NAME = "$(TARGET_NAME)";
				SWIFT_VERSION = 5.0;
				TARGETED_DEVICE_FAMILY = "1,2";
				TEST_TARGET_NAME = openEye;
			};
			name = Release;
		};
/* End XCBuildConfiguration section */

/* Begin XCConfigurationList section */
		F1926E7824C4C36C00FA45F9 /* Build configuration list for PBXProject "openEye" */ = {
			isa = XCConfigurationList;
			buildConfigurations = (
				F1926EA524C4C36E00FA45F9 /* Debug */,
				F1926EA624C4C36E00FA45F9 /* Release */,
			);
			defaultConfigurationIsVisible = 0;
			defaultConfigurationName = Release;
		};
		F1926EA724C4C36E00FA45F9 /* Build configuration list for PBXNativeTarget "openEye" */ = {
			isa = XCConfigurationList;
			buildConfigurations = (
				F1926EA824C4C36E00FA45F9 /* Debug */,
				F1926EA924C4C36E00FA45F9 /* Release */,
			);
			defaultConfigurationIsVisible = 0;
			defaultConfigurationName = Release;
		};
		F1926EAA24C4C36E00FA45F9 /* Build configuration list for PBXNativeTarget "openEyeTests" */ = {
			isa = XCConfigurationList;
			buildConfigurations = (
				F1926EAB24C4C36E00FA45F9 /* Debug */,
				F1926EAC24C4C36E00FA45F9 /* Release */,
			);
			defaultConfigurationIsVisible = 0;
			defaultConfigurationName = Release;
		};
		F1926EAD24C4C36E00FA45F9 /* Build configuration list for PBXNativeTarget "openEyeUITests" */ = {
			isa = XCConfigurationList;
			buildConfigurations = (
				F1926EAE24C4C36E00FA45F9 /* Debug */,
				F1926EAF24C4C36E00FA45F9 /* Release */,
			);
			defaultConfigurationIsVisible = 0;
			defaultConfigurationName = Release;
		};
/* End XCConfigurationList section */
	};
	rootObject = F1926E7524C4C36C00FA45F9 /* Project object */;
}
